
Microsoft Visual Studio Solution File, Format Version 12.00
# Visual Studio Version 16
VisualStudioVersion = 16.0.31702.278
MinimumVisualStudioVersion = 10.0.40219.1
Project("{FAE04EC0-301F-11D3-BF4B-00C04F79EFBC}") = "curs_v_1", "curs_v_1.csproj", "{7C9E956F-1820-4C1A-B61E-DB7741EB7AE9}"
EndProject
Global
	GlobalSection(SolutionConfigurationPlatforms) = preSolution
		Debug|Any CPU = Debug|Any CPU
		Release|Any CPU = Release|Any CPU
	EndGlobalSection
	GlobalSection(ProjectConfigurationPlatforms) = postSolution
		{7C9E956F-1820-4C1A-B61E-DB7741EB7AE9}.Debug|Any CPU.ActiveCfg = Debug|Any CPU
		{7C9E956F-1820-4C1A-B61E-DB7741EB7AE9}.Debug|Any CPU.Build.0 = Debug|Any CPU
		{7C9E956F-1820-4C1A-B61E-DB7741EB7AE9}.Release|Any CPU.ActiveCfg = Release|Any CPU
		{7C9E956F-1820-4C1A-B61E-DB7741EB7AE9}.Release|Any CPU.Build.0 = Release|Any CPU
	EndGlobalSection
	GlobalSection(SolutionProperties) = preSolution
		HideSolutionNode = FALSE
	EndGlobalSection
	GlobalSection(ExtensibilityGlobals) = postSolution
		SolutionGuid = {F92A5946-9407-40E8-9293-6511FF662F9E}
	EndGlobalSection
EndGlobal
